// !$*UTF8*$!
{
	archiveVersion = 1;
	classes = {
	};
	objectVersion = 50;
	objects = {

/* Begin PBXBuildFile section */
		74399532253BAFD5008A0123 /* AppDelegate.m in Sources */ = {isa = PBXBuildFile; fileRef = 74399531253BAFD5008A0123 /* AppDelegate.m */; };
		74399538253BAFD5008A0123 /* ViewController.m in Sources */ = {isa = PBXBuildFile; fileRef = 74399537253BAFD5008A0123 /* ViewController.m */; };
		7439953B253BAFD5008A0123 /* Main.storyboard in Resources */ = {isa = PBXBuildFile; fileRef = 74399539253BAFD5008A0123 /* Main.storyboard */; };
		7439953D253BAFD5008A0123 /* Assets.xcassets in Resources */ = {isa = PBXBuildFile; fileRef = 7439953C253BAFD5008A0123 /* Assets.xcassets */; };
		74399540253BAFD5008A0123 /* LaunchScreen.storyboard in Resources */ = {isa = PBXBuildFile; fileRef = 7439953E253BAFD5008A0123 /* LaunchScreen.storyboard */; };
		74399543253BAFD5008A0123 /* main.m in Sources */ = {isa = PBXBuildFile; fileRef = 74399542253BAFD5008A0123 /* main.m */; };
		7439954D253BAFD6008A0123 /* StarTimeAndEndTimeTests.m in Sources */ = {isa = PBXBuildFile; fileRef = 7439954C253BAFD6008A0123 /* StarTimeAndEndTimeTests.m */; };
		74399558253BAFD6008A0123 /* StarTimeAndEndTimeUITests.m in Sources */ = {isa = PBXBuildFile; fileRef = 74399557253BAFD6008A0123 /* StarTimeAndEndTimeUITests.m */; };
		74399570253BB3CD008A0123 /* AlertView.m in Sources */ = {isa = PBXBuildFile; fileRef = 7439956F253BB3CD008A0123 /* AlertView.m */; };
		74399579253BB3EE008A0123 /* ZDatePicker.m in Sources */ = {isa = PBXBuildFile; fileRef = 74399578253BB3EE008A0123 /* ZDatePicker.m */; };
		7439957F253BB424008A0123 /* ZPickerView.m in Sources */ = {isa = PBXBuildFile; fileRef = 7439957E253BB424008A0123 /* ZPickerView.m */; };
		74399586253BCD1D008A0123 /* ZAnimation.m in Sources */ = {isa = PBXBuildFile; fileRef = 74399585253BCD1D008A0123 /* ZAnimation.m */; };
		7439958F253BCD30008A0123 /* ZABottomAnimation.m in Sources */ = {isa = PBXBuildFile; fileRef = 7439958E253BCD30008A0123 /* ZABottomAnimation.m */; };
		74399595253BCD42008A0123 /* ZACenterAnimation.m in Sources */ = {isa = PBXBuildFile; fileRef = 74399594253BCD42008A0123 /* ZACenterAnimation.m */; };
		7439959D253BCDE2008A0123 /* ZAContainerController.m in Sources */ = {isa = PBXBuildFile; fileRef = 7439959C253BCDE2008A0123 /* ZAContainerController.m */; };
		7440EDCA253C677300A011D8 /* LYDateSelectorView.m in Sources */ = {isa = PBXBuildFile; fileRef = 7440EDC6253C677300A011D8 /* LYDateSelectorView.m */; };
		7440EDCB253C677300A011D8 /* LYDatePickerView.m in Sources */ = {isa = PBXBuildFile; fileRef = 7440EDC7253C677300A011D8 /* LYDatePickerView.m */; };
		7440EDD4253C68F500A011D8 /* LYDateIntervalSelectorPicker.m in Sources */ = {isa = PBXBuildFile; fileRef = 7440EDD3253C68F500A011D8 /* LYDateIntervalSelectorPicker.m */; };
		7440EDDA253C69DD00A011D8 /* LYDateIntervalSelectorView.m in Sources */ = {isa = PBXBuildFile; fileRef = 7440EDD9253C69DD00A011D8 /* LYDateIntervalSelectorView.m */; };
		7440EDE3253C7AC700A011D8 /* UIColor+HexString.m in Sources */ = {isa = PBXBuildFile; fileRef = 7440EDE2253C7AC700A011D8 /* UIColor+HexString.m */; };
		7440EDED253C7AEE00A011D8 /* HZQDatePickerView.m in Sources */ = {isa = PBXBuildFile; fileRef = 7440EDEA253C7AED00A011D8 /* HZQDatePickerView.m */; };
		7440EDEE253C7AEE00A011D8 /* HZQDatePickerView.xib in Resources */ = {isa = PBXBuildFile; fileRef = 7440EDEB253C7AED00A011D8 /* HZQDatePickerView.xib */; };
/* End PBXBuildFile section */

/* Begin PBXContainerItemProxy section */
		74399549253BAFD6008A0123 /* PBXContainerItemProxy */ = {
			isa = PBXContainerItemProxy;
			containerPortal = 74399525253BAFD5008A0123 /* Project object */;
			proxyType = 1;
			remoteGlobalIDString = 7439952C253BAFD5008A0123;
			remoteInfo = StarTimeAndEndTime;
		};
		74399554253BAFD6008A0123 /* PBXContainerItemProxy */ = {
			isa = PBXContainerItemProxy;
			containerPortal = 74399525253BAFD5008A0123 /* Project object */;
			proxyType = 1;
			remoteGlobalIDString = 7439952C253BAFD5008A0123;
			remoteInfo = StarTimeAndEndTime;
		};
/* End PBXContainerItemProxy section */

/* Begin PBXFileReference section */
		7439952D253BAFD5008A0123 /* StarTimeAndEndTime.app */ = {isa = PBXFileReference; explicitFileType = wrapper.application; includeInIndex = 0; path = StarTimeAndEndTime.app; sourceTree = BUILT_PRODUCTS_DIR; };
		74399530253BAFD5008A0123 /* AppDelegate.h */ = {isa = PBXFileReference; lastKnownFileType = sourcecode.c.h; path = AppDelegate.h; sourceTree = "<group>"; };
		74399531253BAFD5008A0123 /* AppDelegate.m */ = {isa = PBXFileReference; lastKnownFileType = sourcecode.c.objc; path = AppDelegate.m; sourceTree = "<group>"; };
		74399536253BAFD5008A0123 /* ViewController.h */ = {isa = PBXFileReference; lastKnownFileType = sourcecode.c.h; path = ViewController.h; sourceTree = "<group>"; };
		74399537253BAFD5008A0123 /* ViewController.m */ = {isa = PBXFileReference; lastKnownFileType = sourcecode.c.objc; path = ViewController.m; sourceTree = "<group>"; };
		7439953A253BAFD5008A0123 /* Base */ = {isa = PBXFileReference; lastKnownFileType = file.storyboard; name = Base; path = Base.lproj/Main.storyboard; sourceTree = "<group>"; };
		7439953C253BAFD5008A0123 /* Assets.xcassets */ = {isa = PBXFileReference; lastKnownFileType = folder.assetcatalog; path = Assets.xcassets; sourceTree = "<group>"; };
		7439953F253BAFD5008A0123 /* Base */ = {isa = PBXFileReference; lastKnownFileType = file.storyboard; name = Base; path = Base.lproj/LaunchScreen.storyboard; sourceTree = "<group>"; };
		74399541253BAFD5008A0123 /* Info.plist */ = {isa = PBXFileReference; lastKnownFileType = text.plist.xml; path = Info.plist; sourceTree = "<group>"; };
		74399542253BAFD5008A0123 /* main.m */ = {isa = PBXFileReference; lastKnownFileType = sourcecode.c.objc; path = main.m; sourceTree = "<group>"; };
		74399548253BAFD6008A0123 /* StarTimeAndEndTimeTests.xctest */ = {isa = PBXFileReference; explicitFileType = wrapper.cfbundle; includeInIndex = 0; path = StarTimeAndEndTimeTests.xctest; sourceTree = BUILT_PRODUCTS_DIR; };
		7439954C253BAFD6008A0123 /* StarTimeAndEndTimeTests.m */ = {isa = PBXFileReference; lastKnownFileType = sourcecode.c.objc; path = StarTimeAndEndTimeTests.m; sourceTree = "<group>"; };
		7439954E253BAFD6008A0123 /* Info.plist */ = {isa = PBXFileReference; lastKnownFileType = text.plist.xml; path = Info.plist; sourceTree = "<group>"; };
		74399553253BAFD6008A0123 /* StarTimeAndEndTimeUITests.xctest */ = {isa = PBXFileReference; explicitFileType = wrapper.cfbundle; includeInIndex = 0; path = StarTimeAndEndTimeUITests.xctest; sourceTree = BUILT_PRODUCTS_DIR; };
		74399557253BAFD6008A0123 /* StarTimeAndEndTimeUITests.m */ = {isa = PBXFileReference; lastKnownFileType = sourcecode.c.objc; path = StarTimeAndEndTimeUITests.m; sourceTree = "<group>"; };
		74399559253BAFD6008A0123 /* Info.plist */ = {isa = PBXFileReference; lastKnownFileType = text.plist.xml; path = Info.plist; sourceTree = "<group>"; };
		7439956D253BB364008A0123 /* ZAppMacro.h */ = {isa = PBXFileReference; lastKnownFileType = sourcecode.c.h; path = ZAppMacro.h; sourceTree = "<group>"; };
		7439956E253BB3CD008A0123 /* AlertView.h */ = {isa = PBXFileReference; lastKnownFileType = sourcecode.c.h; path = AlertView.h; sourceTree = "<group>"; };
		7439956F253BB3CD008A0123 /* AlertView.m */ = {isa = PBXFileReference; lastKnownFileType = sourcecode.c.objc; path = AlertView.m; sourceTree = "<group>"; };
		74399577253BB3EE008A0123 /* ZDatePicker.h */ = {isa = PBXFileReference; lastKnownFileType = sourcecode.c.h; path = ZDatePicker.h; sourceTree = "<group>"; };
		74399578253BB3EE008A0123 /* ZDatePicker.m */ = {isa = PBXFileReference; lastKnownFileType = sourcecode.c.objc; path = ZDatePicker.m; sourceTree = "<group>"; };
		7439957D253BB424008A0123 /* ZPickerView.h */ = {isa = PBXFileReference; lastKnownFileType = sourcecode.c.h; path = ZPickerView.h; sourceTree = "<group>"; };
		7439957E253BB424008A0123 /* ZPickerView.m */ = {isa = PBXFileReference; lastKnownFileType = sourcecode.c.objc; path = ZPickerView.m; sourceTree = "<group>"; };
		74399584253BCD1D008A0123 /* ZAnimation.h */ = {isa = PBXFileReference; lastKnownFileType = sourcecode.c.h; path = ZAnimation.h; sourceTree = "<group>"; };
		74399585253BCD1D008A0123 /* ZAnimation.m */ = {isa = PBXFileReference; lastKnownFileType = sourcecode.c.objc; path = ZAnimation.m; sourceTree = "<group>"; };
		7439958D253BCD30008A0123 /* ZABottomAnimation.h */ = {isa = PBXFileReference; lastKnownFileType = sourcecode.c.h; path = ZABottomAnimation.h; sourceTree = "<group>"; };
		7439958E253BCD30008A0123 /* ZABottomAnimation.m */ = {isa = PBXFileReference; lastKnownFileType = sourcecode.c.objc; path = ZABottomAnimation.m; sourceTree = "<group>"; };
		74399593253BCD42008A0123 /* ZACenterAnimation.h */ = {isa = PBXFileReference; lastKnownFileType = sourcecode.c.h; path = ZACenterAnimation.h; sourceTree = "<group>"; };
		74399594253BCD42008A0123 /* ZACenterAnimation.m */ = {isa = PBXFileReference; lastKnownFileType = sourcecode.c.objc; path = ZACenterAnimation.m; sourceTree = "<group>"; };
		7439959A253BCD7C008A0123 /* ZAContainerControllerProtocol.h */ = {isa = PBXFileReference; lastKnownFileType = sourcecode.c.h; path = ZAContainerControllerProtocol.h; sourceTree = "<group>"; };
		7439959B253BCDE2008A0123 /* ZAContainerController.h */ = {isa = PBXFileReference; lastKnownFileType = sourcecode.c.h; path = ZAContainerController.h; sourceTree = "<group>"; };
		7439959C253BCDE2008A0123 /* ZAContainerController.m */ = {isa = PBXFileReference; lastKnownFileType = sourcecode.c.objc; path = ZAContainerController.m; sourceTree = "<group>"; };
		7440EDC6253C677300A011D8 /* LYDateSelectorView.m */ = {isa = PBXFileReference; fileEncoding = 4; lastKnownFileType = sourcecode.c.objc; path = LYDateSelectorView.m; sourceTree = "<group>"; };
		7440EDC7253C677300A011D8 /* LYDatePickerView.m */ = {isa = PBXFileReference; fileEncoding = 4; lastKnownFileType = sourcecode.c.objc; path = LYDatePickerView.m; sourceTree = "<group>"; };
		7440EDC8253C677300A011D8 /* LYDateSelectorView.h */ = {isa = PBXFileReference; fileEncoding = 4; lastKnownFileType = sourcecode.c.h; path = LYDateSelectorView.h; sourceTree = "<group>"; };
		7440EDC9253C677300A011D8 /* LYDatePickerView.h */ = {isa = PBXFileReference; fileEncoding = 4; lastKnownFileType = sourcecode.c.h; path = LYDatePickerView.h; sourceTree = "<group>"; };
		7440EDD2253C68F500A011D8 /* LYDateIntervalSelectorPicker.h */ = {isa = PBXFileReference; lastKnownFileType = sourcecode.c.h; path = LYDateIntervalSelectorPicker.h; sourceTree = "<group>"; };
		7440EDD3253C68F500A011D8 /* LYDateIntervalSelectorPicker.m */ = {isa = PBXFileReference; lastKnownFileType = sourcecode.c.objc; path = LYDateIntervalSelectorPicker.m; sourceTree = "<group>"; };
		7440EDD8253C69DD00A011D8 /* LYDateIntervalSelectorView.h */ = {isa = PBXFileReference; lastKnownFileType = sourcecode.c.h; path = LYDateIntervalSelectorView.h; sourceTree = "<group>"; };
		7440EDD9253C69DD00A011D8 /* LYDateIntervalSelectorView.m */ = {isa = PBXFileReference; lastKnownFileType = sourcecode.c.objc; path = LYDateIntervalSelectorView.m; sourceTree = "<group>"; };
		7440EDE1253C7AC700A011D8 /* UIColor+HexString.h */ = {isa = PBXFileReference; lastKnownFileType = sourcecode.c.h; path = "UIColor+HexString.h"; sourceTree = "<group>"; };
		7440EDE2253C7AC700A011D8 /* UIColor+HexString.m */ = {isa = PBXFileReference; lastKnownFileType = sourcecode.c.objc; path = "UIColor+HexString.m"; sourceTree = "<group>"; };
		7440EDEA253C7AED00A011D8 /* HZQDatePickerView.m */ = {isa = PBXFileReference; fileEncoding = 4; lastKnownFileType = sourcecode.c.objc; path = HZQDatePickerView.m; sourceTree = "<group>"; };
		7440EDEB253C7AED00A011D8 /* HZQDatePickerView.xib */ = {isa = PBXFileReference; fileEncoding = 4; lastKnownFileType = file.xib; path = HZQDatePickerView.xib; sourceTree = "<group>"; };
		7440EDEC253C7AEE00A011D8 /* HZQDatePickerView.h */ = {isa = PBXFileReference; fileEncoding = 4; lastKnownFileType = sourcecode.c.h; path = HZQDatePickerView.h; sourceTree = "<group>"; };
/* End PBXFileReference section */

/* Begin PBXFrameworksBuildPhase section */
		7439952A253BAFD5008A0123 /* Frameworks */ = {
			isa = PBXFrameworksBuildPhase;
			buildActionMask = 2147483647;
			files = (
			);
			runOnlyForDeploymentPostprocessing = 0;
		};
		74399545253BAFD6008A0123 /* Frameworks */ = {
			isa = PBXFrameworksBuildPhase;
			buildActionMask = 2147483647;
			files = (
			);
			runOnlyForDeploymentPostprocessing = 0;
		};
		74399550253BAFD6008A0123 /* Frameworks */ = {
			isa = PBXFrameworksBuildPhase;
			buildActionMask = 2147483647;
			files = (
			);
			runOnlyForDeploymentPostprocessing = 0;
		};
/* End PBXFrameworksBuildPhase section */

/* Begin PBXGroup section */
		74399524253BAFD5008A0123 = {
			isa = PBXGroup;
			children = (
				7439952F253BAFD5008A0123 /* StarTimeAndEndTime */,
				7439954B253BAFD6008A0123 /* StarTimeAndEndTimeTests */,
				74399556253BAFD6008A0123 /* StarTimeAndEndTimeUITests */,
				7439952E253BAFD5008A0123 /* Products */,
			);
			sourceTree = "<group>";
		};
		7439952E253BAFD5008A0123 /* Products */ = {
			isa = PBXGroup;
			children = (
				7439952D253BAFD5008A0123 /* StarTimeAndEndTime.app */,
				74399548253BAFD6008A0123 /* StarTimeAndEndTimeTests.xctest */,
				74399553253BAFD6008A0123 /* StarTimeAndEndTimeUITests.xctest */,
			);
			name = Products;
			sourceTree = "<group>";
		};
		7439952F253BAFD5008A0123 /* StarTimeAndEndTime */ = {
			isa = PBXGroup;
			children = (
				7440EDE0253C7AA500A011D8 /* HZQDatePickerView */,
				7440EDC5253C677300A011D8 /* LYDatePickerView */,
				7439956B253BB322008A0123 /* ZADatePick */,
				74399530253BAFD5008A0123 /* AppDelegate.h */,
				74399531253BAFD5008A0123 /* AppDelegate.m */,
				74399536253BAFD5008A0123 /* ViewController.h */,
				74399537253BAFD5008A0123 /* ViewController.m */,
				74399539253BAFD5008A0123 /* Main.storyboard */,
				7439953C253BAFD5008A0123 /* Assets.xcassets */,
				7439953E253BAFD5008A0123 /* LaunchScreen.storyboard */,
				74399541253BAFD5008A0123 /* Info.plist */,
				74399542253BAFD5008A0123 /* main.m */,
			);
			path = StarTimeAndEndTime;
			sourceTree = "<group>";
		};
		7439954B253BAFD6008A0123 /* StarTimeAndEndTimeTests */ = {
			isa = PBXGroup;
			children = (
				7439954C253BAFD6008A0123 /* StarTimeAndEndTimeTests.m */,
				7439954E253BAFD6008A0123 /* Info.plist */,
			);
			path = StarTimeAndEndTimeTests;
			sourceTree = "<group>";
		};
		74399556253BAFD6008A0123 /* StarTimeAndEndTimeUITests */ = {
			isa = PBXGroup;
			children = (
				74399557253BAFD6008A0123 /* StarTimeAndEndTimeUITests.m */,
				74399559253BAFD6008A0123 /* Info.plist */,
			);
			path = StarTimeAndEndTimeUITests;
			sourceTree = "<group>";
		};
		7439956B253BB322008A0123 /* ZADatePick */ = {
			isa = PBXGroup;
			children = (
				74399599253BCD5C008A0123 /* Controller */,
				74399583253BCCFE008A0123 /* Model */,
				7439956C253BB341008A0123 /* View */,
			);
			path = ZADatePick;
			sourceTree = "<group>";
		};
		7439956C253BB341008A0123 /* View */ = {
			isa = PBXGroup;
			children = (
				7439956D253BB364008A0123 /* ZAppMacro.h */,
				7439956E253BB3CD008A0123 /* AlertView.h */,
				7439956F253BB3CD008A0123 /* AlertView.m */,
				74399577253BB3EE008A0123 /* ZDatePicker.h */,
				74399578253BB3EE008A0123 /* ZDatePicker.m */,
				7439957D253BB424008A0123 /* ZPickerView.h */,
				7439957E253BB424008A0123 /* ZPickerView.m */,
			);
			path = View;
			sourceTree = "<group>";
		};
		74399583253BCCFE008A0123 /* Model */ = {
			isa = PBXGroup;
			children = (
				74399584253BCD1D008A0123 /* ZAnimation.h */,
				74399585253BCD1D008A0123 /* ZAnimation.m */,
				7439958D253BCD30008A0123 /* ZABottomAnimation.h */,
				7439958E253BCD30008A0123 /* ZABottomAnimation.m */,
				74399593253BCD42008A0123 /* ZACenterAnimation.h */,
				74399594253BCD42008A0123 /* ZACenterAnimation.m */,
			);
			path = Model;
			sourceTree = "<group>";
		};
		74399599253BCD5C008A0123 /* Controller */ = {
			isa = PBXGroup;
			children = (
				7439959A253BCD7C008A0123 /* ZAContainerControllerProtocol.h */,
				7439959B253BCDE2008A0123 /* ZAContainerController.h */,
				7439959C253BCDE2008A0123 /* ZAContainerController.m */,
			);
			path = Controller;
			sourceTree = "<group>";
		};
		7440EDC5253C677300A011D8 /* LYDatePickerView */ = {
			isa = PBXGroup;
			children = (
				7440EDC8253C677300A011D8 /* LYDateSelectorView.h */,
				7440EDC6253C677300A011D8 /* LYDateSelectorView.m */,
				7440EDC9253C677300A011D8 /* LYDatePickerView.h */,
				7440EDC7253C677300A011D8 /* LYDatePickerView.m */,
				7440EDD2253C68F500A011D8 /* LYDateIntervalSelectorPicker.h */,
				7440EDD3253C68F500A011D8 /* LYDateIntervalSelectorPicker.m */,
				7440EDD8253C69DD00A011D8 /* LYDateIntervalSelectorView.h */,
				7440EDD9253C69DD00A011D8 /* LYDateIntervalSelectorView.m */,
			);
			path = LYDatePickerView;
			sourceTree = "<group>";
		};
		7440EDE0253C7AA500A011D8 /* HZQDatePickerView */ = {
			isa = PBXGroup;
			children = (
				7440EDE1253C7AC700A011D8 /* UIColor+HexString.h */,
				7440EDE2253C7AC700A011D8 /* UIColor+HexString.m */,
				7440EDEC253C7AEE00A011D8 /* HZQDatePickerView.h */,
				7440EDEA253C7AED00A011D8 /* HZQDatePickerView.m */,
				7440EDEB253C7AED00A011D8 /* HZQDatePickerView.xib */,
			);
			path = HZQDatePickerView;
			sourceTree = "<group>";
		};
/* End PBXGroup section */

/* Begin PBXNativeTarget section */
		7439952C253BAFD5008A0123 /* StarTimeAndEndTime */ = {
			isa = PBXNativeTarget;
			buildConfigurationList = 7439955C253BAFD6008A0123 /* Build configuration list for PBXNativeTarget "StarTimeAndEndTime" */;
			buildPhases = (
				74399529253BAFD5008A0123 /* Sources */,
				7439952A253BAFD5008A0123 /* Frameworks */,
				7439952B253BAFD5008A0123 /* Resources */,
			);
			buildRules = (
			);
			dependencies = (
			);
			name = StarTimeAndEndTime;
			productName = StarTimeAndEndTime;
			productReference = 7439952D253BAFD5008A0123 /* StarTimeAndEndTime.app */;
			productType = "com.apple.product-type.application";
		};
		74399547253BAFD6008A0123 /* StarTimeAndEndTimeTests */ = {
			isa = PBXNativeTarget;
			buildConfigurationList = 7439955F253BAFD6008A0123 /* Build configuration list for PBXNativeTarget "StarTimeAndEndTimeTests" */;
			buildPhases = (
				74399544253BAFD6008A0123 /* Sources */,
				74399545253BAFD6008A0123 /* Frameworks */,
				74399546253BAFD6008A0123 /* Resources */,
			);
			buildRules = (
			);
			dependencies = (
				7439954A253BAFD6008A0123 /* PBXTargetDependency */,
			);
			name = StarTimeAndEndTimeTests;
			productName = StarTimeAndEndTimeTests;
			productReference = 74399548253BAFD6008A0123 /* StarTimeAndEndTimeTests.xctest */;
			productType = "com.apple.product-type.bundle.unit-test";
		};
		74399552253BAFD6008A0123 /* StarTimeAndEndTimeUITests */ = {
			isa = PBXNativeTarget;
			buildConfigurationList = 74399562253BAFD6008A0123 /* Build configuration list for PBXNativeTarget "StarTimeAndEndTimeUITests" */;
			buildPhases = (
				7439954F253BAFD6008A0123 /* Sources */,
				74399550253BAFD6008A0123 /* Frameworks */,
				74399551253BAFD6008A0123 /* Resources */,
			);
			buildRules = (
			);
			dependencies = (
				74399555253BAFD6008A0123 /* PBXTargetDependency */,
			);
			name = StarTimeAndEndTimeUITests;
			productName = StarTimeAndEndTimeUITests;
			productReference = 74399553253BAFD6008A0123 /* StarTimeAndEndTimeUITests.xctest */;
			productType = "com.apple.product-type.bundle.ui-testing";
		};
/* End PBXNativeTarget section */

/* Begin PBXProject section */
		74399525253BAFD5008A0123 /* Project object */ = {
			isa = PBXProject;
			attributes = {
				LastUpgradeCheck = 1200;
				TargetAttributes = {
					7439952C253BAFD5008A0123 = {
						CreatedOnToolsVersion = 12.0.1;
					};
					74399547253BAFD6008A0123 = {
						CreatedOnToolsVersion = 12.0.1;
						TestTargetID = 7439952C253BAFD5008A0123;
					};
					74399552253BAFD6008A0123 = {
						CreatedOnToolsVersion = 12.0.1;
						TestTargetID = 7439952C253BAFD5008A0123;
					};
				};
			};
			buildConfigurationList = 74399528253BAFD5008A0123 /* Build configuration list for PBXProject "StarTimeAndEndTime" */;
			compatibilityVersion = "Xcode 9.3";
			developmentRegion = en;
			hasScannedForEncodings = 0;
			knownRegions = (
				en,
				Base,
			);
			mainGroup = 74399524253BAFD5008A0123;
			productRefGroup = 7439952E253BAFD5008A0123 /* Products */;
			projectDirPath = "";
			projectRoot = "";
			targets = (
				7439952C253BAFD5008A0123 /* StarTimeAndEndTime */,
				74399547253BAFD6008A0123 /* StarTimeAndEndTimeTests */,
				74399552253BAFD6008A0123 /* StarTimeAndEndTimeUITests */,
			);
		};
/* End PBXProject section */

/* Begin PBXResourcesBuildPhase section */
		7439952B253BAFD5008A0123 /* Resources */ = {
			isa = PBXResourcesBuildPhase;
			buildActionMask = 2147483647;
			files = (
				7440EDEE253C7AEE00A011D8 /* HZQDatePickerView.xib in Resources */,
				74399540253BAFD5008A0123 /* LaunchScreen.storyboard in Resources */,
				7439953D253BAFD5008A0123 /* Assets.xcassets in Resources */,
				7439953B253BAFD5008A0123 /* Main.storyboard in Resources */,
			);
			runOnlyForDeploymentPostprocessing = 0;
		};
		74399546253BAFD6008A0123 /* Resources */ = {
			isa = PBXResourcesBuildPhase;
			buildActionMask = 2147483647;
			files = (
			);
			runOnlyForDeploymentPostprocessing = 0;
		};
		74399551253BAFD6008A0123 /* Resources */ = {
			isa = PBXResourcesBuildPhase;
			buildActionMask = 2147483647;
			files = (
			);
			runOnlyForDeploymentPostprocessing = 0;
		};
/* End PBXResourcesBuildPhase section */

/* Begin PBXSourcesBuildPhase section */
		74399529253BAFD5008A0123 /* Sources */ = {
			isa = PBXSourcesBuildPhase;
			buildActionMask = 2147483647;
			files = (
				7440EDE3253C7AC700A011D8 /* UIColor+HexString.m in Sources */,
				74399538253BAFD5008A0123 /* ViewController.m in Sources */,
				7440EDDA253C69DD00A011D8 /* LYDateIntervalSelectorView.m in Sources */,
				7440EDD4253C68F500A011D8 /* LYDateIntervalSelectorPicker.m in Sources */,
				74399586253BCD1D008A0123 /* ZAnimation.m in Sources */,
				74399570253BB3CD008A0123 /* AlertView.m in Sources */,
				74399532253BAFD5008A0123 /* AppDelegate.m in Sources */,
				7439959D253BCDE2008A0123 /* ZAContainerController.m in Sources */,
				7440EDED253C7AEE00A011D8 /* HZQDatePickerView.m in Sources */,
				7440EDCB253C677300A011D8 /* LYDatePickerView.m in Sources */,
				74399579253BB3EE008A0123 /* ZDatePicker.m in Sources */,
				7440EDCA253C677300A011D8 /* LYDateSelectorView.m in Sources */,
				74399543253BAFD5008A0123 /* main.m in Sources */,
				7439958F253BCD30008A0123 /* ZABottomAnimation.m in Sources */,
				7439957F253BB424008A0123 /* ZPickerView.m in Sources */,
				74399595253BCD42008A0123 /* ZACenterAnimation.m in Sources */,
			);
			runOnlyForDeploymentPostprocessing = 0;
		};
		74399544253BAFD6008A0123 /* Sources */ = {
			isa = PBXSourcesBuildPhase;
			buildActionMask = 2147483647;
			files = (
				7439954D253BAFD6008A0123 /* StarTimeAndEndTimeTests.m in Sources */,
			);
			runOnlyForDeploymentPostprocessing = 0;
		};
		7439954F253BAFD6008A0123 /* Sources */ = {
			isa = PBXSourcesBuildPhase;
			buildActionMask = 2147483647;
			files = (
				74399558253BAFD6008A0123 /* StarTimeAndEndTimeUITests.m in Sources */,
			);
			runOnlyForDeploymentPostprocessing = 0;
		};
/* End PBXSourcesBuildPhase section */

/* Begin PBXTargetDependency section */
		7439954A253BAFD6008A0123 /* PBXTargetDependency */ = {
			isa = PBXTargetDependency;
			target = 7439952C253BAFD5008A0123 /* StarTimeAndEndTime */;
			targetProxy = 74399549253BAFD6008A0123 /* PBXContainerItemProxy */;
		};
		74399555253BAFD6008A0123 /* PBXTargetDependency */ = {
			isa = PBXTargetDependency;
			target = 7439952C253BAFD5008A0123 /* StarTimeAndEndTime */;
			targetProxy = 74399554253BAFD6008A0123 /* PBXContainerItemProxy */;
		};
/* End PBXTargetDependency section */

/* Begin PBXVariantGroup section */
		74399539253BAFD5008A0123 /* Main.storyboard */ = {
			isa = PBXVariantGroup;
			children = (
				7439953A253BAFD5008A0123 /* Base */,
			);
			name = Main.storyboard;
			sourceTree = "<group>";
		};
		7439953E253BAFD5008A0123 /* LaunchScreen.storyboard */ = {
			isa = PBXVariantGroup;
			children = (
				7439953F253BAFD5008A0123 /* Base */,
			);
			name = LaunchScreen.storyboard;
			sourceTree = "<group>";
		};
/* End PBXVariantGroup section */

/* Begin XCBuildConfiguration section */
		7439955A253BAFD6008A0123 /* Debug */ = {
			isa = XCBuildConfiguration;
			buildSettings = {
				ALWAYS_SEARCH_USER_PATHS = NO;
				CLANG_ANALYZER_NONNULL = YES;
				CLANG_ANALYZER_NUMBER_OBJECT_CONVERSION = YES_AGGRESSIVE;
				CLANG_CXX_LANGUAGE_STANDARD = "gnu++14";
				CLANG_CXX_LIBRARY = "libc++";
				CLANG_ENABLE_MODULES = YES;
				CLANG_ENABLE_OBJC_ARC = YES;
				CLANG_ENABLE_OBJC_WEAK = YES;
				CLANG_WARN_BLOCK_CAPTURE_AUTORELEASING = YES;
				CLANG_WARN_BOOL_CONVERSION = YES;
				CLANG_WARN_COMMA = YES;
				CLANG_WARN_CONSTANT_CONVERSION = YES;
				CLANG_WARN_DEPRECATED_OBJC_IMPLEMENTATIONS = YES;
				CLANG_WARN_DIRECT_OBJC_ISA_USAGE = YES_ERROR;
				CLANG_WARN_DOCUMENTATION_COMMENTS = YES;
				CLANG_WARN_EMPTY_BODY = YES;
				CLANG_WARN_ENUM_CONVERSION = YES;
				CLANG_WARN_INFINITE_RECURSION = YES;
				CLANG_WARN_INT_CONVERSION = YES;
				CLANG_WARN_NON_LITERAL_NULL_CONVERSION = YES;
				CLANG_WARN_OBJC_IMPLICIT_RETAIN_SELF = YES;
				CLANG_WARN_OBJC_LITERAL_CONVERSION = YES;
				CLANG_WARN_OBJC_ROOT_CLASS = YES_ERROR;
				CLANG_WARN_QUOTED_INCLUDE_IN_FRAMEWORK_HEADER = YES;
				CLANG_WARN_RANGE_LOOP_ANALYSIS = YES;
				CLANG_WARN_STRICT_PROTOTYPES = YES;
				CLANG_WARN_SUSPICIOUS_MOVE = YES;
				CLANG_WARN_UNGUARDED_AVAILABILITY = YES_AGGRESSIVE;
				CLANG_WARN_UNREACHABLE_CODE = YES;
				CLANG_WARN__DUPLICATE_METHOD_MATCH = YES;
				COPY_PHASE_STRIP = NO;
				DEBUG_INFORMATION_FORMAT = dwarf;
				ENABLE_STRICT_OBJC_MSGSEND = YES;
				ENABLE_TESTABILITY = YES;
				GCC_C_LANGUAGE_STANDARD = gnu11;
				GCC_DYNAMIC_NO_PIC = NO;
				GCC_NO_COMMON_BLOCKS = YES;
				GCC_OPTIMIZATION_LEVEL = 0;
				GCC_PREPROCESSOR_DEFINITIONS = (
					"DEBUG=1",
					"$(inherited)",
				);
				GCC_WARN_64_TO_32_BIT_CONVERSION = YES;
				GCC_WARN_ABOUT_RETURN_TYPE = YES_ERROR;
				GCC_WARN_UNDECLARED_SELECTOR = YES;
				GCC_WARN_UNINITIALIZED_AUTOS = YES_AGGRESSIVE;
				GCC_WARN_UNUSED_FUNCTION = YES;
				GCC_WARN_UNUSED_VARIABLE = YES;
				IPHONEOS_DEPLOYMENT_TARGET = 14.0;
				MTL_ENABLE_DEBUG_INFO = INCLUDE_SOURCE;
				MTL_FAST_MATH = YES;
				ONLY_ACTIVE_ARCH = YES;
				SDKROOT = iphoneos;
			};
			name = Debug;
		};
		7439955B253BAFD6008A0123 /* Release */ = {
			isa = XCBuildConfiguration;
			buildSettings = {
				ALWAYS_SEARCH_USER_PATHS = NO;
				CLANG_ANALYZER_NONNULL = YES;
				CLANG_ANALYZER_NUMBER_OBJECT_CONVERSION = YES_AGGRESSIVE;
				CLANG_CXX_LANGUAGE_STANDARD = "gnu++14";
				CLANG_CXX_LIBRARY = "libc++";
				CLANG_ENABLE_MODULES = YES;
				CLANG_ENABLE_OBJC_ARC = YES;
				CLANG_ENABLE_OBJC_WEAK = YES;
				CLANG_WARN_BLOCK_CAPTURE_AUTORELEASING = YES;
				CLANG_WARN_BOOL_CONVERSION = YES;
				CLANG_WARN_COMMA = YES;
				CLANG_WARN_CONSTANT_CONVERSION = YES;
				CLANG_WARN_DEPRECATED_OBJC_IMPLEMENTATIONS = YES;
				CLANG_WARN_DIRECT_OBJC_ISA_USAGE = YES_ERROR;
				CLANG_WARN_DOCUMENTATION_COMMENTS = YES;
				CLANG_WARN_EMPTY_BODY = YES;
				CLANG_WARN_ENUM_CONVERSION = YES;
				CLANG_WARN_INFINITE_RECURSION = YES;
				CLANG_WARN_INT_CONVERSION = YES;
				CLANG_WARN_NON_LITERAL_NULL_CONVERSION = YES;
				CLANG_WARN_OBJC_IMPLICIT_RETAIN_SELF = YES;
				CLANG_WARN_OBJC_LITERAL_CONVERSION = YES;
				CLANG_WARN_OBJC_ROOT_CLASS = YES_ERROR;
				CLANG_WARN_QUOTED_INCLUDE_IN_FRAMEWORK_HEADER = YES;
				CLANG_WARN_RANGE_LOOP_ANALYSIS = YES;
				CLANG_WARN_STRICT_PROTOTYPES = YES;
				CLANG_WARN_SUSPICIOUS_MOVE = YES;
				CLANG_WARN_UNGUARDED_AVAILABILITY = YES_AGGRESSIVE;
				CLANG_WARN_UNREACHABLE_CODE = YES;
				CLANG_WARN__DUPLICATE_METHOD_MATCH = YES;
				COPY_PHASE_STRIP = NO;
				DEBUG_INFORMATION_FORMAT = "dwarf-with-dsym";
				ENABLE_NS_ASSERTIONS = NO;
				ENABLE_STRICT_OBJC_MSGSEND = YES;
				GCC_C_LANGUAGE_STANDARD = gnu11;
				GCC_NO_COMMON_BLOCKS = YES;
				GCC_WARN_64_TO_32_BIT_CONVERSION = YES;
				GCC_WARN_ABOUT_RETURN_TYPE = YES_ERROR;
				GCC_WARN_UNDECLARED_SELECTOR = YES;
				GCC_WARN_UNINITIALIZED_AUTOS = YES_AGGRESSIVE;
				GCC_WARN_UNUSED_FUNCTION = YES;
				GCC_WARN_UNUSED_VARIABLE = YES;
				IPHONEOS_DEPLOYMENT_TARGET = 14.0;
				MTL_ENABLE_DEBUG_INFO = NO;
				MTL_FAST_MATH = YES;
				SDKROOT = iphoneos;
				VALIDATE_PRODUCT = YES;
			};
			name = Release;
		};
		7439955D253BAFD6008A0123 /* Debug */ = {
			isa = XCBuildConfiguration;
			buildSettings = {
				ASSETCATALOG_COMPILER_APPICON_NAME = AppIcon;
				ASSETCATALOG_COMPILER_GLOBAL_ACCENT_COLOR_NAME = AccentColor;
				CODE_SIGN_STYLE = Automatic;
				DEVELOPMENT_TEAM = 6A9MKRFMF3;
				INFOPLIST_FILE = StarTimeAndEndTime/Info.plist;
				IPHONEOS_DEPLOYMENT_TARGET = 9.3;
				LD_RUNPATH_SEARCH_PATHS = (
					"$(inherited)",
					"@executable_path/Frameworks",
				);
				PRODUCT_BUNDLE_IDENTIFIER = zong.StarTimeAndEndTime;
				PRODUCT_NAME = "$(TARGET_NAME)";
				TARGETED_DEVICE_FAMILY = "1,2";
			};
			name = Debug;
		};
		7439955E253BAFD6008A0123 /* Release */ = {
			isa = XCBuildConfiguration;
			buildSettings = {
				ASSETCATALOG_COMPILER_APPICON_NAME = AppIcon;
				ASSETCATALOG_COMPILER_GLOBAL_ACCENT_COLOR_NAME = AccentColor;
				CODE_SIGN_STYLE = Automatic;
				DEVELOPMENT_TEAM = 6A9MKRFMF3;
				INFOPLIST_FILE = StarTimeAndEndTime/Info.plist;
				IPHONEOS_DEPLOYMENT_TARGET = 9.3;
				LD_RUNPATH_SEARCH_PATHS = (
					"$(inherited)",
					"@executable_path/Frameworks",
				);
				PRODUCT_BUNDLE_IDENTIFIER = zong.StarTimeAndEndTime;
				PRODUCT_NAME = "$(TARGET_NAME)";
				TARGETED_DEVICE_FAMILY = "1,2";
			};
			name = Release;
		};
		74399560253BAFD6008A0123 /* Debug */ = {
			isa = XCBuildConfiguration;
			buildSettings = {
				BUNDLE_LOADER = "$(TEST_HOST)";
				CODE_SIGN_STYLE = Automatic;
				DEVELOPMENT_TEAM = 6A9MKRFMF3;
				INFOPLIST_FILE = StarTimeAndEndTimeTests/Info.plist;
				IPHONEOS_DEPLOYMENT_TARGET = 14.0;
				LD_RUNPATH_SEARCH_PATHS = (
					"$(inherited)",
					"@executable_path/Frameworks",
					"@loader_path/Frameworks",
				);
				PRODUCT_BUNDLE_IDENTIFIER = zong.StarTimeAndEndTimeTests;
				PRODUCT_NAME = "$(TARGET_NAME)";
				TARGETED_DEVICE_FAMILY = "1,2";
				TEST_HOST = "$(BUILT_PRODUCTS_DIR)/StarTimeAndEndTime.app/StarTimeAndEndTime";
			};
			name = Debug;
		};
		74399561253BAFD6008A0123 /* Release */ = {
			isa = XCBuildConfiguration;
			buildSettings = {
				BUNDLE_LOADER = "$(TEST_HOST)";
				CODE_SIGN_STYLE = Automatic;
				DEVELOPMENT_TEAM = 6A9MKRFMF3;
				INFOPLIST_FILE = StarTimeAndEndTimeTests/Info.plist;
				IPHONEOS_DEPLOYMENT_TARGET = 14.0;
				LD_RUNPATH_SEARCH_PATHS = (
					"$(inherited)",
					"@executable_path/Frameworks",
					"@loader_path/Frameworks",
				);
				PRODUCT_BUNDLE_IDENTIFIER = zong.StarTimeAndEndTimeTests;
				PRODUCT_NAME = "$(TARGET_NAME)";
				TARGETED_DEVICE_FAMILY = "1,2";
				TEST_HOST = "$(BUILT_PRODUCTS_DIR)/StarTimeAndEndTime.app/StarTimeAndEndTime";
			};
			name = Release;
		};
		74399563253BAFD6008A0123 /* Debug */ = {
			isa = XCBuildConfiguration;
			buildSettings = {
				CODE_SIGN_STYLE = Automatic;
				DEVELOPMENT_TEAM = 6A9MKRFMF3;
				INFOPLIST_FILE = StarTimeAndEndTimeUITests/Info.plist;
				LD_RUNPATH_SEARCH_PATHS = (
					"$(inherited)",
					"@executable_path/Frameworks",
					"@loader_path/Frameworks",
				);
				PRODUCT_BUNDLE_IDENTIFIER = zong.StarTimeAndEndTimeUITests;
				PRODUCT_NAME = "$(TARGET_NAME)";
				TARGETED_DEVICE_FAMILY = "1,2";
				TEST_TARGET_NAME = StarTimeAndEndTime;
			};
			name = Debug;
		};
		74399564253BAFD6008A0123 /* Release */ = {
			isa = XCBuildConfiguration;
			buildSettings = {
				CODE_SIGN_STYLE = Automatic;
				DEVELOPMENT_TEAM = 6A9MKRFMF3;
				INFOPLIST_FILE = StarTimeAndEndTimeUITests/Info.plist;
				LD_RUNPATH_SEARCH_PATHS = (
					"$(inherited)",
					"@executable_path/Frameworks",
					"@loader_path/Frameworks",
				);
				PRODUCT_BUNDLE_IDENTIFIER = zong.StarTimeAndEndTimeUITests;
				PRODUCT_NAME = "$(TARGET_NAME)";
				TARGETED_DEVICE_FAMILY = "1,2";
				TEST_TARGET_NAME = StarTimeAndEndTime;
			};
			name = Release;
		};
/* End XCBuildConfiguration section */

/* Begin XCConfigurationList section */
		74399528253BAFD5008A0123 /* Build configuration list for PBXProject "StarTimeAndEndTime" */ = {
			isa = XCConfigurationList;
			buildConfigurations = (
				7439955A253BAFD6008A0123 /* Debug */,
				7439955B253BAFD6008A0123 /* Release */,
			);
			defaultConfigurationIsVisible = 0;
			defaultConfigurationName = Release;
		};
		7439955C253BAFD6008A0123 /* Build configuration list for PBXNativeTarget "StarTimeAndEndTime" */ = {
			isa = XCConfigurationList;
			buildConfigurations = (
				7439955D253BAFD6008A0123 /* Debug */,
				7439955E253BAFD6008A0123 /* Release */,
			);
			defaultConfigurationIsVisible = 0;
			defaultConfigurationName = Release;
		};
		7439955F253BAFD6008A0123 /* Build configuration list for PBXNativeTarget "StarTimeAndEndTimeTests" */ = {
			isa = XCConfigurationList;
			buildConfigurations = (
				74399560253BAFD6008A0123 /* Debug */,
				74399561253BAFD6008A0123 /* Release */,
			);
			defaultConfigurationIsVisible = 0;
			defaultConfigurationName = Release;
		};
		74399562253BAFD6008A0123 /* Build configuration list for PBXNativeTarget "StarTimeAndEndTimeUITests" */ = {
			isa = XCConfigurationList;
			buildConfigurations = (
				74399563253BAFD6008A0123 /* Debug */,
				74399564253BAFD6008A0123 /* Release */,
			);
			defaultConfigurationIsVisible = 0;
			defaultConfigurationName = Release;
		};
/* End XCConfigurationList section */
	};
	rootObject = 74399525253BAFD5008A0123 /* Project object */;
}
